
Microsoft Visual Studio Solution File, Format Version 12.00
# Visual Studio 15
VisualStudioVersion = 15.0.28307.438
MinimumVisualStudioVersion = 10.0.40219.1
Project("{FAE04EC0-301F-11D3-BF4B-00C04F79EFBC}") = "WayaTool", "WayaTool.csproj", "{3BE03569-C8E5-497E-87FC-8ABC9F705B0D}"
EndProject
Project("{FAE04EC0-301F-11D3-BF4B-00C04F79EFBC}") = "WayaCompress", "WayaCompress\WayaCompress.csproj", "{244E7BE0-6DA4-4DBA-8D7C-5D46B16E55BE}"
EndProject
Global
	GlobalSection(SolutionConfigurationPlatforms) = preSolution
		Debug|Any CPU = Debug|Any CPU
		Release|Any CPU = Release|Any CPU
	EndGlobalSection
	GlobalSection(ProjectConfigurationPlatforms) = postSolution
		{3BE03569-C8E5-497E-87FC-8ABC9F705B0D}.Debug|Any CPU.ActiveCfg = Debug|Any CPU
		{3BE03569-C8E5-497E-87FC-8ABC9F705B0D}.Debug|Any CPU.Build.0 = Debug|Any CPU
		{3BE03569-C8E5-497E-87FC-8ABC9F705B0D}.Release|Any CPU.ActiveCfg = Release|Any CPU
		{3BE03569-C8E5-497E-87FC-8ABC9F705B0D}.Release|Any CPU.Build.0 = Release|Any CPU
		{244E7BE0-6DA4-4DBA-8D7C-5D46B16E55BE}.Debug|Any CPU.ActiveCfg = Debug|Any CPU
		{244E7BE0-6DA4-4DBA-8D7C-5D46B16E55BE}.Debug|Any CPU.Build.0 = Debug|Any CPU
		{244E7BE0-6DA4-4DBA-8D7C-5D46B16E55BE}.Release|Any CPU.ActiveCfg = Release|Any CPU
		{244E7BE0-6DA4-4DBA-8D7C-5D46B16E55BE}.Release|Any CPU.Build.0 = Release|Any CPU
	EndGlobalSection
	GlobalSection(SolutionProperties) = preSolution
		HideSolutionNode = FALSE
	EndGlobalSection
	GlobalSection(ExtensibilityGlobals) = postSolution
		SolutionGuid = {2B51AB61-8F3E-4E90-B22B-FA6E7A1C8061}
	EndGlobalSection
EndGlobal
